// !$*UTF8*$!
{
	archiveVersion = 1;
	classes = {
	};
	objectVersion = 77;
	objects = {

/* Begin PBXContainerItemProxy section */
		3F0ECB5B2DFA01B4005353DC /* PBXContainerItemProxy */ = {
			isa = PBXContainerItemProxy;
			containerPortal = 3F0ECB402DFA01AF005353DC /* Project object */;
			proxyType = 1;
			remoteGlobalIDString = 3F0ECB472DFA01AF005353DC;
			remoteInfo = PuzzleVault;
		};
		3F0ECB652DFA01B4005353DC /* PBXContainerItemProxy */ = {
			isa = PBXContainerItemProxy;
			containerPortal = 3F0ECB402DFA01AF005353DC /* Project object */;
			proxyType = 1;
			remoteGlobalIDString = 3F0ECB472DFA01AF005353DC;
			remoteInfo = PuzzleVault;
		};
/* End PBXContainerItemProxy section */

/* Begin PBXFileReference section */
		3F0ECB482DFA01AF005353DC /* PuzzleVault.app */ = {isa = PBXFileReference; explicitFileType = wrapper.application; includeInIndex = 0; path = PuzzleVault.app; sourceTree = BUILT_PRODUCTS_DIR; };
		3F0ECB5A2DFA01B4005353DC /* PuzzleVaultTests.xctest */ = {isa = PBXFileReference; explicitFileType = wrapper.cfbundle; includeInIndex = 0; path = PuzzleVaultTests.xctest; sourceTree = BUILT_PRODUCTS_DIR; };
		3F0ECB642DFA01B4005353DC /* PuzzleVaultUITests.xctest */ = {isa = PBXFileReference; explicitFileType = wrapper.cfbundle; includeInIndex = 0; path = PuzzleVaultUITests.xctest; sourceTree = BUILT_PRODUCTS_DIR; };
/* End PBXFileReference section */

/* Begin PBXFileSystemSynchronizedRootGroup section */
		3F0ECB4A2DFA01AF005353DC /* PuzzleVault */ = {
			isa = PBXFileSystemSynchronizedRootGroup;
			path = PuzzleVault;
			sourceTree = "<group>";
		};
		3F0ECB5D2DFA01B4005353DC /* PuzzleVaultTests */ = {
			isa = PBXFileSystemSynchronizedRootGroup;
			path = PuzzleVaultTests;
			sourceTree = "<group>";
		};
		3F0ECB672DFA01B4005353DC /* PuzzleVaultUITests */ = {
			isa = PBXFileSystemSynchronizedRootGroup;
			path = PuzzleVaultUITests;
			sourceTree = "<group>";
		};
/* End PBXFileSystemSynchronizedRootGroup section */

/* Begin PBXFrameworksBuildPhase section */
		3F0ECB452DFA01AF005353DC /* Frameworks */ = {
			isa = PBXFrameworksBuildPhase;
			buildActionMask = 2147483647;
			files = (
			);
			runOnlyForDeploymentPostprocessing = 0;
		};
		3F0ECB572DFA01B4005353DC /* Frameworks */ = {
			isa = PBXFrameworksBuildPhase;
			buildActionMask = 2147483647;
			files = (
			);
			runOnlyForDeploymentPostprocessing = 0;
		};
		3F0ECB612DFA01B4005353DC /* Frameworks */ = {
			isa = PBXFrameworksBuildPhase;
			buildActionMask = 2147483647;
			files = (
			);
			runOnlyForDeploymentPostprocessing = 0;
		};
/* End PBXFrameworksBuildPhase section */

/* Begin PBXGroup section */
		3F0ECB3F2DFA01AF005353DC = {
			isa = PBXGroup;
			children = (
				3F0ECB4A2DFA01AF005353DC /* PuzzleVault */,
				3F0ECB5D2DFA01B4005353DC /* PuzzleVaultTests */,
				3F0ECB672DFA01B4005353DC /* PuzzleVaultUITests */,
				3F0ECB492DFA01AF005353DC /* Products */,
			);
			sourceTree = "<group>";
		};
		3F0ECB492DFA01AF005353DC /* Products */ = {
			isa = PBXGroup;
			children = (
				3F0ECB482DFA01AF005353DC /* PuzzleVault.app */,
				3F0ECB5A2DFA01B4005353DC /* PuzzleVaultTests.xctest */,
				3F0ECB642DFA01B4005353DC /* PuzzleVaultUITests.xctest */,
			);
			name = Products;
			sourceTree = "<group>";
		};
/* End PBXGroup section */

/* Begin PBXNativeTarget section */
		3F0ECB472DFA01AF005353DC /* PuzzleVault */ = {
			isa = PBXNativeTarget;
			buildConfigurationList = 3F0ECB6E2DFA01B4005353DC /* Build configuration list for PBXNativeTarget "PuzzleVault" */;
			buildPhases = (
				3F0ECB442DFA01AF005353DC /* Sources */,
				3F0ECB452DFA01AF005353DC /* Frameworks */,
				3F0ECB462DFA01AF005353DC /* Resources */,
			);
			buildRules = (
			);
			dependencies = (
			);
			fileSystemSynchronizedGroups = (
				3F0ECB4A2DFA01AF005353DC /* PuzzleVault */,
			);
			name = PuzzleVault;
			packageProductDependencies = (
			);
			productName = PuzzleVault;
			productReference = 3F0ECB482DFA01AF005353DC /* PuzzleVault.app */;
			productType = "com.apple.product-type.application";
		};
		3F0ECB592DFA01B4005353DC /* PuzzleVaultTests */ = {
			isa = PBXNativeTarget;
			buildConfigurationList = 3F0ECB712DFA01B4005353DC /* Build configuration list for PBXNativeTarget "PuzzleVaultTests" */;
			buildPhases = (
				3F0ECB562DFA01B4005353DC /* Sources */,
				3F0ECB572DFA01B4005353DC /* Frameworks */,
				3F0ECB582DFA01B4005353DC /* Resources */,
			);
			buildRules = (
			);
			dependencies = (
				3F0ECB5C2DFA01B4005353DC /* PBXTargetDependency */,
			);
			fileSystemSynchronizedGroups = (
				3F0ECB5D2DFA01B4005353DC /* PuzzleVaultTests */,
			);
			name = PuzzleVaultTests;
			packageProductDependencies = (
			);
			productName = PuzzleVaultTests;
			productReference = 3F0ECB5A2DFA01B4005353DC /* PuzzleVaultTests.xctest */;
			productType = "com.apple.product-type.bundle.unit-test";
		};
		3F0ECB632DFA01B4005353DC /* PuzzleVaultUITests */ = {
			isa = PBXNativeTarget;
			buildConfigurationList = 3F0ECB742DFA01B4005353DC /* Build configuration list for PBXNativeTarget "PuzzleVaultUITests" */;
			buildPhases = (
				3F0ECB602DFA01B4005353DC /* Sources */,
				3F0ECB612DFA01B4005353DC /* Frameworks */,
				3F0ECB622DFA01B4005353DC /* Resources */,
			);
			buildRules = (
			);
			dependencies = (
				3F0ECB662DFA01B4005353DC /* PBXTargetDependency */,
			);
			fileSystemSynchronizedGroups = (
				3F0ECB672DFA01B4005353DC /* PuzzleVaultUITests */,
			);
			name = PuzzleVaultUITests;
			packageProductDependencies = (
			);
			productName = PuzzleVaultUITests;
			productReference = 3F0ECB642DFA01B4005353DC /* PuzzleVaultUITests.xctest */;
			productType = "com.apple.product-type.bundle.ui-testing";
		};
/* End PBXNativeTarget section */

/* Begin PBXProject section */
		3F0ECB402DFA01AF005353DC /* Project object */ = {
			isa = PBXProject;
			attributes = {
				BuildIndependentTargetsInParallel = 1;
				LastSwiftUpdateCheck = 1640;
				LastUpgradeCheck = 1640;
				TargetAttributes = {
					3F0ECB472DFA01AF005353DC = {
						CreatedOnToolsVersion = 16.4;
					};
					3F0ECB592DFA01B4005353DC = {
						CreatedOnToolsVersion = 16.4;
						TestTargetID = 3F0ECB472DFA01AF005353DC;
					};
					3F0ECB632DFA01B4005353DC = {
						CreatedOnToolsVersion = 16.4;
						TestTargetID = 3F0ECB472DFA01AF005353DC;
					};
				};
			};
			buildConfigurationList = 3F0ECB432DFA01AF005353DC /* Build configuration list for PBXProject "PuzzleVault" */;
			developmentRegion = en;
			hasScannedForEncodings = 0;
			knownRegions = (
				en,
				Base,
			);
			mainGroup = 3F0ECB3F2DFA01AF005353DC;
			minimizedProjectReferenceProxies = 1;
			preferredProjectObjectVersion = 77;
			productRefGroup = 3F0ECB492DFA01AF005353DC /* Products */;
			projectDirPath = "";
			projectRoot = "";
			targets = (
				3F0ECB472DFA01AF005353DC /* PuzzleVault */,
				3F0ECB592DFA01B4005353DC /* PuzzleVaultTests */,
				3F0ECB632DFA01B4005353DC /* PuzzleVaultUITests */,
			);
		};
/* End PBXProject section */

/* Begin PBXResourcesBuildPhase section */
		3F0ECB462DFA01AF005353DC /* Resources */ = {
			isa = PBXResourcesBuildPhase;
			buildActionMask = 2147483647;
			files = (
			);
			runOnlyForDeploymentPostprocessing = 0;
		};
		3F0ECB582DFA01B4005353DC /* Resources */ = {
			isa = PBXResourcesBuildPhase;
			buildActionMask = 2147483647;
			files = (
			);
			runOnlyForDeploymentPostprocessing = 0;
		};
		3F0ECB622DFA01B4005353DC /* Resources */ = {
			isa = PBXResourcesBuildPhase;
			buildActionMask = 2147483647;
			files = (
			);
			runOnlyForDeploymentPostprocessing = 0;
		};
/* End PBXResourcesBuildPhase section */

/* Begin PBXSourcesBuildPhase section */
		3F0ECB442DFA01AF005353DC /* Sources */ = {
			isa = PBXSourcesBuildPhase;
			buildActionMask = 2147483647;
			files = (
			);
			runOnlyForDeploymentPostprocessing = 0;
		};
		3F0ECB562DFA01B4005353DC /* Sources */ = {
			isa = PBXSourcesBuildPhase;
			buildActionMask = 2147483647;
			files = (
			);
			runOnlyForDeploymentPostprocessing = 0;
		};
		3F0ECB602DFA01B4005353DC /* Sources */ = {
			isa = PBXSourcesBuildPhase;
			buildActionMask = 2147483647;
			files = (
			);
			runOnlyForDeploymentPostprocessing = 0;
		};
/* End PBXSourcesBuildPhase section */

/* Begin PBXTargetDependency section */
		3F0ECB5C2DFA01B4005353DC /* PBXTargetDependency */ = {
			isa = PBXTargetDependency;
			target = 3F0ECB472DFA01AF005353DC /* PuzzleVault */;
			targetProxy = 3F0ECB5B2DFA01B4005353DC /* PBXContainerItemProxy */;
		};
		3F0ECB662DFA01B4005353DC /* PBXTargetDependency */ = {
			isa = PBXTargetDependency;
			target = 3F0ECB472DFA01AF005353DC /* PuzzleVault */;
			targetProxy = 3F0ECB652DFA01B4005353DC /* PBXContainerItemProxy */;
		};
/* End PBXTargetDependency section */

/* Begin XCBuildConfiguration section */
		3F0ECB6C2DFA01B4005353DC /* Debug */ = {
			isa = XCBuildConfiguration;
			buildSettings = {
				ALWAYS_SEARCH_USER_PATHS = NO;
				ASSETCATALOG_COMPILER_GENERATE_SWIFT_ASSET_SYMBOL_EXTENSIONS = YES;
				CLANG_ANALYZER_NONNULL = YES;
				CLANG_ANALYZER_NUMBER_OBJECT_CONVERSION = YES_AGGRESSIVE;
				CLANG_CXX_LANGUAGE_STANDARD = "gnu++20";
				CLANG_ENABLE_MODULES = YES;
				CLANG_ENABLE_OBJC_ARC = YES;
				CLANG_ENABLE_OBJC_WEAK = YES;
				CLANG_WARN_BLOCK_CAPTURE_AUTORELEASING = YES;
				CLANG_WARN_BOOL_CONVERSION = YES;
				CLANG_WARN_COMMA = YES;
				CLANG_WARN_CONSTANT_CONVERSION = YES;
				CLANG_WARN_DEPRECATED_OBJC_IMPLEMENTATIONS = YES;
				CLANG_WARN_DIRECT_OBJC_ISA_USAGE = YES_ERROR;
				CLANG_WARN_DOCUMENTATION_COMMENTS = YES;
				CLANG_WARN_EMPTY_BODY = YES;
				CLANG_WARN_ENUM_CONVERSION = YES;
				CLANG_WARN_INFINITE_RECURSION = YES;
				CLANG_WARN_INT_CONVERSION = YES;
				CLANG_WARN_NON_LITERAL_NULL_CONVERSION = YES;
				CLANG_WARN_OBJC_IMPLICIT_RETAIN_SELF = YES;
				CLANG_WARN_OBJC_LITERAL_CONVERSION = YES;
				CLANG_WARN_OBJC_ROOT_CLASS = YES_ERROR;
				CLANG_WARN_QUOTED_INCLUDE_IN_FRAMEWORK_HEADER = YES;
				CLANG_WARN_RANGE_LOOP_ANALYSIS = YES;
				CLANG_WARN_STRICT_PROTOTYPES = YES;
				CLANG_WARN_SUSPICIOUS_MOVE = YES;
				CLANG_WARN_UNGUARDED_AVAILABILITY = YES_AGGRESSIVE;
				CLANG_WARN_UNREACHABLE_CODE = YES;
				CLANG_WARN__DUPLICATE_METHOD_MATCH = YES;
				COPY_PHASE_STRIP = NO;
				DEBUG_INFORMATION_FORMAT = dwarf;
				DEVELOPMENT_TEAM = QBVLZLNZUQ;
				ENABLE_STRICT_OBJC_MSGSEND = YES;
				ENABLE_TESTABILITY = YES;
				ENABLE_USER_SCRIPT_SANDBOXING = YES;
				GCC_C_LANGUAGE_STANDARD = gnu17;
				GCC_DYNAMIC_NO_PIC = NO;
				GCC_NO_COMMON_BLOCKS = YES;
				GCC_OPTIMIZATION_LEVEL = 0;
				GCC_PREPROCESSOR_DEFINITIONS = (
					"DEBUG=1",
					"$(inherited)",
				);
				GCC_WARN_64_TO_32_BIT_CONVERSION = YES;
				GCC_WARN_ABOUT_RETURN_TYPE = YES_ERROR;
				GCC_WARN_UNDECLARED_SELECTOR = YES;
				GCC_WARN_UNINITIALIZED_AUTOS = YES_AGGRESSIVE;
				GCC_WARN_UNUSED_FUNCTION = YES;
				GCC_WARN_UNUSED_VARIABLE = YES;
				IPHONEOS_DEPLOYMENT_TARGET = 18.5;
				LOCALIZATION_PREFERS_STRING_CATALOGS = YES;
				MTL_ENABLE_DEBUG_INFO = INCLUDE_SOURCE;
				MTL_FAST_MATH = YES;
				ONLY_ACTIVE_ARCH = YES;
				SDKROOT = iphoneos;
				SWIFT_ACTIVE_COMPILATION_CONDITIONS = "DEBUG $(inherited)";
				SWIFT_OPTIMIZATION_LEVEL = "-Onone";
			};
			name = Debug;
		};
		3F0ECB6D2DFA01B4005353DC /* Release */ = {
			isa = XCBuildConfiguration;
			buildSettings = {
				ALWAYS_SEARCH_USER_PATHS = NO;
				ASSETCATALOG_COMPILER_GENERATE_SWIFT_ASSET_SYMBOL_EXTENSIONS = YES;
				CLANG_ANALYZER_NONNULL = YES;
				CLANG_ANALYZER_NUMBER_OBJECT_CONVERSION = YES_AGGRESSIVE;
				CLANG_CXX_LANGUAGE_STANDARD = "gnu++20";
				CLANG_ENABLE_MODULES = YES;
				CLANG_ENABLE_OBJC_ARC = YES;
				CLANG_ENABLE_OBJC_WEAK = YES;
				CLANG_WARN_BLOCK_CAPTURE_AUTORELEASING = YES;
				CLANG_WARN_BOOL_CONVERSION = YES;
				CLANG_WARN_COMMA = YES;
				CLANG_WARN_CONSTANT_CONVERSION = YES;
				CLANG_WARN_DEPRECATED_OBJC_IMPLEMENTATIONS = YES;
				CLANG_WARN_DIRECT_OBJC_ISA_USAGE = YES_ERROR;
				CLANG_WARN_DOCUMENTATION_COMMENTS = YES;
				CLANG_WARN_EMPTY_BODY = YES;
				CLANG_WARN_ENUM_CONVERSION = YES;
				CLANG_WARN_INFINITE_RECURSION = YES;
				CLANG_WARN_INT_CONVERSION = YES;
				CLANG_WARN_NON_LITERAL_NULL_CONVERSION = YES;
				CLANG_WARN_OBJC_IMPLICIT_RETAIN_SELF = YES;
				CLANG_WARN_OBJC_LITERAL_CONVERSION = YES;
				CLANG_WARN_OBJC_ROOT_CLASS = YES_ERROR;
				CLANG_WARN_QUOTED_INCLUDE_IN_FRAMEWORK_HEADER = YES;
				CLANG_WARN_RANGE_LOOP_ANALYSIS = YES;
				CLANG_WARN_STRICT_PROTOTYPES = YES;
				CLANG_WARN_SUSPICIOUS_MOVE = YES;
				CLANG_WARN_UNGUARDED_AVAILABILITY = YES_AGGRESSIVE;
				CLANG_WARN_UNREACHABLE_CODE = YES;
				CLANG_WARN__DUPLICATE_METHOD_MATCH = YES;
				COPY_PHASE_STRIP = NO;
				DEBUG_INFORMATION_FORMAT = "dwarf-with-dsym";
				DEVELOPMENT_TEAM = QBVLZLNZUQ;
				ENABLE_NS_ASSERTIONS = NO;
				ENABLE_STRICT_OBJC_MSGSEND = YES;
				ENABLE_USER_SCRIPT_SANDBOXING = YES;
				GCC_C_LANGUAGE_STANDARD = gnu17;
				GCC_NO_COMMON_BLOCKS = YES;
				GCC_WARN_64_TO_32_BIT_CONVERSION = YES;
				GCC_WARN_ABOUT_RETURN_TYPE = YES_ERROR;
				GCC_WARN_UNDECLARED_SELECTOR = YES;
				GCC_WARN_UNINITIALIZED_AUTOS = YES_AGGRESSIVE;
				GCC_WARN_UNUSED_FUNCTION = YES;
				GCC_WARN_UNUSED_VARIABLE = YES;
				IPHONEOS_DEPLOYMENT_TARGET = 18.5;
				LOCALIZATION_PREFERS_STRING_CATALOGS = YES;
				MTL_ENABLE_DEBUG_INFO = NO;
				MTL_FAST_MATH = YES;
				SDKROOT = iphoneos;
				SWIFT_COMPILATION_MODE = wholemodule;
				VALIDATE_PRODUCT = YES;
			};
			name = Release;
		};
		3F0ECB6F2DFA01B4005353DC /* Debug */ = {
			isa = XCBuildConfiguration;
			buildSettings = {
				ASSETCATALOG_COMPILER_APPICON_NAME = AppIcon;
				ASSETCATALOG_COMPILER_GLOBAL_ACCENT_COLOR_NAME = AccentColor;
				CODE_SIGN_STYLE = Automatic;
				CURRENT_PROJECT_VERSION = 1;
				DEVELOPMENT_TEAM = QBVLZLNZUQ;
				ENABLE_PREVIEWS = YES;
				GENERATE_INFOPLIST_FILE = YES;
				INFOPLIST_KEY_CFBundleDisplayName = "Puzzle Valult";
				INFOPLIST_KEY_LSApplicationCategoryType = "public.app-category.puzzle-games";
				INFOPLIST_KEY_UIApplicationSceneManifest_Generation = YES;
				INFOPLIST_KEY_UIApplicationSupportsIndirectInputEvents = YES;
				INFOPLIST_KEY_UILaunchScreen_Generation = YES;
				INFOPLIST_KEY_UISupportedInterfaceOrientations_iPad = "UIInterfaceOrientationPortrait UIInterfaceOrientationPortraitUpsideDown UIInterfaceOrientationLandscapeLeft UIInterfaceOrientationLandscapeRight";
				INFOPLIST_KEY_UISupportedInterfaceOrientations_iPhone = "UIInterfaceOrientationPortrait UIInterfaceOrientationLandscapeLeft UIInterfaceOrientationLandscapeRight";
				IPHONEOS_DEPLOYMENT_TARGET = 15.6;
				LD_RUNPATH_SEARCH_PATHS = (
					"$(inherited)",
					"@executable_path/Frameworks",
				);
				MARKETING_VERSION = 1.0;
				PRODUCT_BUNDLE_IDENTIFIER = CatWell.PuzzleVault;
				PRODUCT_NAME = "$(TARGET_NAME)";
				SWIFT_EMIT_LOC_STRINGS = YES;
				SWIFT_VERSION = 5.0;
				TARGETED_DEVICE_FAMILY = "1,2";
			};
			name = Debug;
		};
		3F0ECB702DFA01B4005353DC /* Release */ = {
			isa = XCBuildConfiguration;
			buildSettings = {
				ASSETCATALOG_COMPILER_APPICON_NAME = AppIcon;
				ASSETCATALOG_COMPILER_GLOBAL_ACCENT_COLOR_NAME = AccentColor;
				CODE_SIGN_STYLE = Automatic;
				CURRENT_PROJECT_VERSION = 1;
				DEVELOPMENT_TEAM = QBVLZLNZUQ;
				ENABLE_PREVIEWS = YES;
				GENERATE_INFOPLIST_FILE = YES;
				INFOPLIST_KEY_CFBundleDisplayName = "Puzzle Valult";
				INFOPLIST_KEY_LSApplicationCategoryType = "public.app-category.puzzle-games";
				INFOPLIST_KEY_UIApplicationSceneManifest_Generation = YES;
				INFOPLIST_KEY_UIApplicationSupportsIndirectInputEvents = YES;
				INFOPLIST_KEY_UILaunchScreen_Generation = YES;
				INFOPLIST_KEY_UISupportedInterfaceOrientations_iPad = "UIInterfaceOrientationPortrait UIInterfaceOrientationPortraitUpsideDown UIInterfaceOrientationLandscapeLeft UIInterfaceOrientationLandscapeRight";
				INFOPLIST_KEY_UISupportedInterfaceOrientations_iPhone = "UIInterfaceOrientationPortrait UIInterfaceOrientationLandscapeLeft UIInterfaceOrientationLandscapeRight";
				IPHONEOS_DEPLOYMENT_TARGET = 15.6;
				LD_RUNPATH_SEARCH_PATHS = (
					"$(inherited)",
					"@executable_path/Frameworks",
				);
				MARKETING_VERSION = 1.0;
				PRODUCT_BUNDLE_IDENTIFIER = CatWell.PuzzleVault;
				PRODUCT_NAME = "$(TARGET_NAME)";
				SWIFT_EMIT_LOC_STRINGS = YES;
				SWIFT_VERSION = 5.0;
				TARGETED_DEVICE_FAMILY = "1,2";
			};
			name = Release;
		};
		3F0ECB722DFA01B4005353DC /* Debug */ = {
			isa = XCBuildConfiguration;
			buildSettings = {
				BUNDLE_LOADER = "$(TEST_HOST)";
				CODE_SIGN_STYLE = Automatic;
				CURRENT_PROJECT_VERSION = 1;
				DEVELOPMENT_TEAM = QBVLZLNZUQ;
				GENERATE_INFOPLIST_FILE = YES;
				IPHONEOS_DEPLOYMENT_TARGET = 18.5;
				MARKETING_VERSION = 1.0;
				PRODUCT_BUNDLE_IDENTIFIER = CatWell.PuzzleVaultTests;
				PRODUCT_NAME = "$(TARGET_NAME)";
				SWIFT_EMIT_LOC_STRINGS = NO;
				SWIFT_VERSION = 5.0;
				TARGETED_DEVICE_FAMILY = "1,2";
				TEST_HOST = "$(BUILT_PRODUCTS_DIR)/PuzzleVault.app/$(BUNDLE_EXECUTABLE_FOLDER_PATH)/PuzzleVault";
			};
			name = Debug;
		};
		3F0ECB732DFA01B4005353DC /* Release */ = {
			isa = XCBuildConfiguration;
			buildSettings = {
				BUNDLE_LOADER = "$(TEST_HOST)";
				CODE_SIGN_STYLE = Automatic;
				CURRENT_PROJECT_VERSION = 1;
				DEVELOPMENT_TEAM = QBVLZLNZUQ;
				GENERATE_INFOPLIST_FILE = YES;
				IPHONEOS_DEPLOYMENT_TARGET = 18.5;
				MARKETING_VERSION = 1.0;
				PRODUCT_BUNDLE_IDENTIFIER = CatWell.PuzzleVaultTests;
				PRODUCT_NAME = "$(TARGET_NAME)";
				SWIFT_EMIT_LOC_STRINGS = NO;
				SWIFT_VERSION = 5.0;
				TARGETED_DEVICE_FAMILY = "1,2";
				TEST_HOST = "$(BUILT_PRODUCTS_DIR)/PuzzleVault.app/$(BUNDLE_EXECUTABLE_FOLDER_PATH)/PuzzleVault";
			};
			name = Release;
		};
		3F0ECB752DFA01B4005353DC /* Debug */ = {
			isa = XCBuildConfiguration;
			buildSettings = {
				CODE_SIGN_STYLE = Automatic;
				CURRENT_PROJECT_VERSION = 1;
				DEVELOPMENT_TEAM = QBVLZLNZUQ;
				GENERATE_INFOPLIST_FILE = YES;
				MARKETING_VERSION = 1.0;
				PRODUCT_BUNDLE_IDENTIFIER = CatWell.PuzzleVaultUITests;
				PRODUCT_NAME = "$(TARGET_NAME)";
				SWIFT_EMIT_LOC_STRINGS = NO;
				SWIFT_VERSION = 5.0;
				TARGETED_DEVICE_FAMILY = "1,2";
				TEST_TARGET_NAME = PuzzleVault;
			};
			name = Debug;
		};
		3F0ECB762DFA01B4005353DC /* Release */ = {
			isa = XCBuildConfiguration;
			buildSettings = {
				CODE_SIGN_STYLE = Automatic;
				CURRENT_PROJECT_VERSION = 1;
				DEVELOPMENT_TEAM = QBVLZLNZUQ;
				GENERATE_INFOPLIST_FILE = YES;
				MARKETING_VERSION = 1.0;
				PRODUCT_BUNDLE_IDENTIFIER = CatWell.PuzzleVaultUITests;
				PRODUCT_NAME = "$(TARGET_NAME)";
				SWIFT_EMIT_LOC_STRINGS = NO;
				SWIFT_VERSION = 5.0;
				TARGETED_DEVICE_FAMILY = "1,2";
				TEST_TARGET_NAME = PuzzleVault;
			};
			name = Release;
		};
/* End XCBuildConfiguration section */

/* Begin XCConfigurationList section */
		3F0ECB432DFA01AF005353DC /* Build configuration list for PBXProject "PuzzleVault" */ = {
			isa = XCConfigurationList;
			buildConfigurations = (
				3F0ECB6C2DFA01B4005353DC /* Debug */,
				3F0ECB6D2DFA01B4005353DC /* Release */,
			);
			defaultConfigurationIsVisible = 0;
			defaultConfigurationName = Release;
		};
		3F0ECB6E2DFA01B4005353DC /* Build configuration list for PBXNativeTarget "PuzzleVault" */ = {
			isa = XCConfigurationList;
			buildConfigurations = (
				3F0ECB6F2DFA01B4005353DC /* Debug */,
				3F0ECB702DFA01B4005353DC /* Release */,
			);
			defaultConfigurationIsVisible = 0;
			defaultConfigurationName = Release;
		};
		3F0ECB712DFA01B4005353DC /* Build configuration list for PBXNativeTarget "PuzzleVaultTests" */ = {
			isa = XCConfigurationList;
			buildConfigurations = (
				3F0ECB722DFA01B4005353DC /* Debug */,
				3F0ECB732DFA01B4005353DC /* Release */,
			);
			defaultConfigurationIsVisible = 0;
			defaultConfigurationName = Release;
		};
		3F0ECB742DFA01B4005353DC /* Build configuration list for PBXNativeTarget "PuzzleVaultUITests" */ = {
			isa = XCConfigurationList;
			buildConfigurations = (
				3F0ECB752DFA01B4005353DC /* Debug */,
				3F0ECB762DFA01B4005353DC /* Release */,
			);
			defaultConfigurationIsVisible = 0;
			defaultConfigurationName = Release;
		};
/* End XCConfigurationList section */
	};
	rootObject = 3F0ECB402DFA01AF005353DC /* Project object */;
}
